{
    "_readme": [
        "This file locks the dependencies of your project to a known state",
        "Read more about it at https://getcomposer.org/doc/01-basic-usage.md#installing-dependencies",
        "This file is @generated automatically"
    ],
    "content-hash": "5d80e4b123fe2f66cb77ce16851df4c1",
    "packages": [
        {
            "name": "phug/ast",
            "version": "1.9.0",
            "source": {
                "type": "git",
                "url": "https://github.com/phug-php/ast.git",
                "reference": "7f041b120900ac54918609341c111db4b976bab0"
            },
            "dist": {
                "type": "zip",
                "url": "https://api.github.com/repos/phug-php/ast/zipball/7f041b120900ac54918609341c111db4b976bab0",
                "reference": "7f041b120900ac54918609341c111db4b976bab0",
                "shasum": ""
            },
            "require": {
                "php": ">=5.5.0"
            },
            "type": "library",
            "extra": {
                "branch-alias": {
                    "dev-master": "1.x-dev"
                }
            },
            "autoload": {
                "psr-4": {
                    "Phug\\": ""
                }
            },
            "notification-url": "https://packagist.org/downloads/",
            "license": [
                "MIT"
            ],
            "authors": [
                {
                    "name": "Torben Koehn",
                    "email": "torben@talesoft.codes"
                },
                {
                    "name": "kylekatarnls",
                    "homepage": "http://github.com/kylekatarnls"
                }
            ],
            "description": "Pug (ex-Jade) language AST system for Phug, HTML template engine structured by indentation",
            "homepage": "http://phug-lang.com",
            "keywords": [
                "ast",
                "dialect",
                "html",
                "jade",
                "php",
                "phtml",
                "phug",
                "presentation",
                "pug",
                "render",
                "template",
                "views"
            ],
            "support": {
                "docs": "http://phug-lang.com/docs",
                "email": "support@phug-lang.com",
                "issues": "https://github.com/phug-php/ast/issues",
                "source": "https://github.com/phug-php/ast"
            },
            "funding": [
                {
                    "url": "https://github.com/kylekatarnls",
                    "type": "github"
                },
                {
                    "url": "https://opencollective.com/pug-php",
                    "type": "open_collective"
                },
                {
                    "url": "https://tidelift.com/funding/github/packagist/pug-php/pug",
                    "type": "tidelift"
                }
            ],
            "time": "2021-11-11T22:24:10+00:00"
        },
        {
            "name": "phug/compiler",
            "version": "1.9.0",
            "source": {
                "type": "git",
                "url": "https://github.com/phug-php/compiler.git",
                "reference": "72cf74571d4b8b6a6246894a55a1ae3e1990509a"
            },
            "dist": {
                "type": "zip",
                "url": "https://api.github.com/repos/phug-php/compiler/zipball/72cf74571d4b8b6a6246894a55a1ae3e1990509a",
                "reference": "72cf74571d4b8b6a6246894a55a1ae3e1990509a",
                "shasum": ""
            },
            "require": {
                "php": ">=5.5.0",
                "phug/dependency-injection": "^1.1.2",
                "phug/formatter": "^0.5.50 || ^1.0",
                "phug/parser": "^0.5.0 || ^1.0",
                "phug/util": "^0.4.0 || ^1.0"
            },
            "type": "library",
            "extra": {
                "branch-alias": {
                    "dev-master": "1.x-dev"
                }
            },
            "autoload": {
                "psr-4": {
                    "Phug\\": ""
                }
            },
            "notification-url": "https://packagist.org/downloads/",
            "license": [
                "MIT"
            ],
            "authors": [
                {
                    "name": "kylekatarnls",
                    "homepage": "http://github.com/kylekatarnls"
                },
                {
                    "name": "Torben Koehn",
                    "email": "torben@talesoft.codes"
                }
            ],
            "description": "Pug (ex-Jade) compiler for PHP, HTML template engine structured by indentation",
            "homepage": "http://phug-lang.com",
            "keywords": [
                "compiler",
                "dialect",
                "html",
                "jade",
                "php",
                "phtml",
                "phug",
                "presentation",
                "pug",
                "render",
                "template",
                "views"
            ],
            "support": {
                "docs": "http://phug-lang.com/docs",
                "email": "support@phug-lang.com",
                "issues": "https://github.com/phug-php/compiler/issues",
                "source": "https://github.com/phug-php/compiler"
            },
            "funding": [
                {
                    "url": "https://github.com/kylekatarnls",
                    "type": "github"
                },
                {
                    "url": "https://opencollective.com/pug-php",
                    "type": "open_collective"
                },
                {
                    "url": "https://tidelift.com/funding/github/packagist/pug-php/pug",
                    "type": "tidelift"
                }
            ],
            "time": "2021-11-11T22:24:19+00:00"
        },
        {
            "name": "phug/dependency-injection",
            "version": "1.9.0",
            "source": {
                "type": "git",
                "url": "https://github.com/phug-php/dependency-injection.git",
                "reference": "70f392f1d24b466554873163681bb2d814d2245f"
            },
            "dist": {
                "type": "zip",
                "url": "https://api.github.com/repos/phug-php/dependency-injection/zipball/70f392f1d24b466554873163681bb2d814d2245f",
                "reference": "70f392f1d24b466554873163681bb2d814d2245f",
                "shasum": ""
            },
            "require": {
                "phug/util": "^0.4.0 || ^1.0"
            },
            "type": "library",
            "extra": {
                "branch-alias": {
                    "dev-master": "1.x-dev"
                }
            },
            "autoload": {
                "psr-4": {
                    "Phug\\": ""
                }
            },
            "notification-url": "https://packagist.org/downloads/",
            "license": [
                "MIT"
            ],
            "authors": [
                {
                    "name": "Torben Koehn",
                    "email": "torben@talesoft.codes"
                },
                {
                    "name": "kylekatarnls",
                    "homepage": "http://github.com/kylekatarnls"
                }
            ],
            "description": "Phug dependency injection engine",
            "homepage": "http://phug-lang.com",
            "keywords": [
                "dependency-injection",
                "dialect",
                "html",
                "jade",
                "php",
                "phtml",
                "phug",
                "presentation",
                "pug",
                "render",
                "template",
                "views"
            ],
            "support": {
                "docs": "http://phug-lang.com/docs",
                "email": "support@phug-lang.com",
                "issues": "https://github.com/phug-php/util/issues",
                "source": "https://github.com/phug-php/util"
            },
            "funding": [
                {
                    "url": "https://github.com/kylekatarnls",
                    "type": "github"
                },
                {
                    "url": "https://opencollective.com/pug-php",
                    "type": "open_collective"
                },
                {
                    "url": "https://tidelift.com/funding/github/packagist/pug-php/pug",
                    "type": "tidelift"
                }
            ],
            "time": "2021-11-11T22:24:25+00:00"
        },
        {
            "name": "phug/event",
            "version": "1.9.0",
            "source": {
                "type": "git",
                "url": "https://github.com/phug-php/event.git",
                "reference": "25c084295f566fc25273c7b45ca7ee96cf2447aa"
            },
            "dist": {
                "type": "zip",
                "url": "https://api.github.com/repos/phug-php/event/zipball/25c084295f566fc25273c7b45ca7ee96cf2447aa",
                "reference": "25c084295f566fc25273c7b45ca7ee96cf2447aa",
                "shasum": ""
            },
            "require": {
                "php": ">=5.5.0"
            },
            "type": "library",
            "extra": {
                "branch-alias": {
                    "dev-master": "1.x-dev"
                }
            },
            "autoload": {
                "psr-4": {
                    "Phug\\": ""
                }
            },
            "notification-url": "https://packagist.org/downloads/",
            "license": [
                "MIT"
            ],
            "authors": [
                {
                    "name": "Torben Koehn",
                    "email": "torben@talesoft.codes"
                },
                {
                    "name": "kylekatarnls",
                    "homepage": "http://github.com/kylekatarnls"
                }
            ],
            "description": "Phug events manager (compatible with PSR-14)",
            "homepage": "http://phug-lang.com",
            "keywords": [
                "event",
                "phug"
            ],
            "support": {
                "docs": "http://phug-lang.com/docs",
                "email": "support@phug-lang.com",
                "issues": "https://github.com/phug-php/event/issues",
                "source": "https://github.com/phug-php/event"
            },
            "funding": [
                {
                    "url": "https://github.com/kylekatarnls",
                    "type": "github"
                },
                {
                    "url": "https://opencollective.com/pug-php",
                    "type": "open_collective"
                },
                {
                    "url": "https://tidelift.com/funding/github/packagist/pug-php/pug",
                    "type": "tidelift"
                }
            ],
            "time": "2021-11-11T22:24:34+00:00"
        },
        {
            "name": "phug/formatter",
            "version": "1.9.0",
            "source": {
                "type": "git",
                "url": "https://github.com/phug-php/formatter.git",
                "reference": "283a64a23836ddea867fce9ae467ba48a69f6a82"
            },
            "dist": {
                "type": "zip",
                "url": "https://api.github.com/repos/phug-php/formatter/zipball/283a64a23836ddea867fce9ae467ba48a69f6a82",
                "reference": "283a64a23836ddea867fce9ae467ba48a69f6a82",
                "shasum": ""
            },
            "require": {
                "php": ">=5.5.0",
                "phug/dependency-injection": "^1.3.0",
                "phug/parser": "^1.6",
                "phug/util": "^1.6"
            },
            "type": "library",
            "extra": {
                "branch-alias": {
                    "dev-master": "1.x-dev"
                }
            },
            "autoload": {
                "psr-4": {
                    "Phug\\": ""
                }
            },
            "notification-url": "https://packagist.org/downloads/",
            "license": [
                "MIT"
            ],
            "authors": [
                {
                    "name": "kylekatarnls",
                    "homepage": "http://github.com/kylekatarnls"
                },
                {
                    "name": "Torben Koehn",
                    "email": "torben@talesoft.codes"
                }
            ],
            "description": "Pug (ex-Jade) formatter for PHP, HTML template engine structured by indentation",
            "homepage": "http://phug-lang.com",
            "keywords": [
                "ast",
                "dialect",
                "html",
                "jade",
                "php",
                "phtml",
                "phug",
                "presentation",
                "pug",
                "render",
                "template",
                "views"
            ],
            "support": {
                "docs": "http://phug-lang.com/docs",
                "email": "support@phug-lang.com",
                "issues": "https://github.com/phug-php/ast/issues",
                "source": "https://github.com/phug-php/ast"
            },
            "funding": [
                {
                    "url": "https://github.com/kylekatarnls",
                    "type": "github"
                },
                {
                    "url": "https://opencollective.com/pug-php",
                    "type": "open_collective"
                },
                {
                    "url": "https://tidelift.com/funding/github/packagist/pug-php/pug",
                    "type": "tidelift"
                }
            ],
            "time": "2021-11-11T22:24:50+00:00"
        },
        {
            "name": "phug/lexer",
            "version": "1.9.0",
            "source": {
                "type": "git",
                "url": "https://github.com/phug-php/lexer.git",
                "reference": "d03f489b8ecef07da59329c52329f67f3849ad2b"
            },
            "dist": {
                "type": "zip",
                "url": "https://api.github.com/repos/phug-php/lexer/zipball/d03f489b8ecef07da59329c52329f67f3849ad2b",
                "reference": "d03f489b8ecef07da59329c52329f67f3849ad2b",
                "shasum": ""
            },
            "require": {
                "php": ">=5.5.0",
                "phug/reader": "^0.2.0 || ^1.0",
                "phug/util": "^1.5"
            },
            "type": "library",
            "extra": {
                "branch-alias": {
                    "dev-master": "1.x-dev"
                }
            },
            "autoload": {
                "psr-4": {
                    "Phug\\": ""
                }
            },
            "notification-url": "https://packagist.org/downloads/",
            "license": [
                "MIT"
            ],
            "authors": [
                {
                    "name": "Torben Koehn",
                    "email": "torben@talesoft.codes"
                },
                {
                    "name": "kylekatarnls",
                    "homepage": "http://github.com/kylekatarnls"
                }
            ],
            "description": "Pug (ex-Jade) lexer for PHP, HTML template engine structured by indentation",
            "homepage": "http://phug-lang.com",
            "keywords": [
                "dialect",
                "html",
                "jade",
                "lexer",
                "php",
                "phtml",
                "phug",
                "presentation",
                "pug",
                "render",
                "template",
                "views"
            ],
            "support": {
                "docs": "http://phug-lang.com/docs",
                "email": "support@phug-lang.com",
                "issues": "https://github.com/phug-php/lexer/issues",
                "source": "https://github.com/phug-php/lexer"
            },
            "funding": [
                {
                    "url": "https://github.com/kylekatarnls",
                    "type": "github"
                },
                {
                    "url": "https://opencollective.com/pug-php",
                    "type": "open_collective"
                },
                {
                    "url": "https://tidelift.com/funding/github/packagist/pug-php/pug",
                    "type": "tidelift"
                }
            ],
            "time": "2021-11-11T22:25:05+00:00"
        },
        {
            "name": "phug/parser",
            "version": "1.9.0",
            "source": {
                "type": "git",
                "url": "https://github.com/phug-php/parser.git",
                "reference": "b4440ff42c36e847da93e96d111370df7a9f312a"
            },
            "dist": {
                "type": "zip",
                "url": "https://api.github.com/repos/phug-php/parser/zipball/b4440ff42c36e847da93e96d111370df7a9f312a",
                "reference": "b4440ff42c36e847da93e96d111370df7a9f312a",
                "shasum": ""
            },
            "require": {
                "php": ">=5.5.0",
                "phug/ast": "^0.1.0 || ^1.0",
                "phug/lexer": "^0.5.6 || ^1.0",
                "phug/util": "^1.6"
            },
            "type": "library",
            "extra": {
                "branch-alias": {
                    "dev-master": "1.x-dev"
                }
            },
            "autoload": {
                "psr-4": {
                    "Phug\\": ""
                }
            },
            "notification-url": "https://packagist.org/downloads/",
            "license": [
                "MIT"
            ],
            "authors": [
                {
                    "name": "Torben Koehn",
                    "email": "torben@talesoft.codes"
                },
                {
                    "name": "kylekatarnls",
                    "homepage": "http://github.com/kylekatarnls"
                }
            ],
            "description": "Pug (ex-Jade) parser for PHP, HTML template engine structured by indentation",
            "homepage": "http://phug-lang.com",
            "keywords": [
                "dialect",
                "html",
                "jade",
                "php",
                "phtml",
                "phug",
                "presentation",
                "pug",
                "reader",
                "render",
                "template",
                "views"
            ],
            "support": {
                "docs": "http://phug-lang.com/docs",
                "email": "support@phug-lang.com",
                "issues": "https://github.com/phug-php/reader/issues",
                "source": "https://github.com/phug-php/reader"
            },
            "funding": [
                {
                    "url": "https://github.com/kylekatarnls",
                    "type": "github"
                },
                {
                    "url": "https://opencollective.com/pug-php",
                    "type": "open_collective"
                },
                {
                    "url": "https://tidelift.com/funding/github/packagist/pug-php/pug",
                    "type": "tidelift"
                }
            ],
            "time": "2021-11-11T22:25:16+00:00"
        },
        {
            "name": "phug/reader",
            "version": "1.9.0",
            "source": {
                "type": "git",
                "url": "https://github.com/phug-php/reader.git",
                "reference": "53d06a3a11058a2e6882cf879ce8d76070606516"
            },
            "dist": {
                "type": "zip",
                "url": "https://api.github.com/repos/phug-php/reader/zipball/53d06a3a11058a2e6882cf879ce8d76070606516",
                "reference": "53d06a3a11058a2e6882cf879ce8d76070606516",
                "shasum": ""
            },
            "require": {
                "php": ">=5.5.0",
                "phug/util": "^0.3.5 || ^1.0",
                "psr/http-message": "^1.0",
                "symfony/polyfill-mbstring": "*"
            },
            "type": "library",
            "extra": {
                "branch-alias": {
                    "dev-master": "1.x-dev"
                }
            },
            "autoload": {
                "psr-4": {
                    "Phug\\": ""
                }
            },
            "notification-url": "https://packagist.org/downloads/",
            "license": [
                "MIT"
            ],
            "authors": [
                {
                    "name": "Torben Koehn",
                    "email": "torben@talesoft.codes"
                },
                {
                    "name": "kylekatarnls",
                    "homepage": "http://github.com/kylekatarnls"
                }
            ],
            "description": "Pug (ex-Jade) string reader for PHP, HTML template engine structured by indentation",
            "homepage": "http://phug-lang.com",
            "keywords": [
                "dialect",
                "html",
                "jade",
                "php",
                "phtml",
                "phug",
                "presentation",
                "pug",
                "reader",
                "render",
                "template",
                "views"
            ],
            "support": {
                "docs": "http://phug-lang.com/docs",
                "email": "support@phug-lang.com",
                "issues": "https://github.com/phug-php/reader/issues",
                "source": "https://github.com/phug-php/reader"
            },
            "funding": [
                {
                    "url": "https://github.com/kylekatarnls",
                    "type": "github"
                },
                {
                    "url": "https://opencollective.com/pug-php",
                    "type": "open_collective"
                },
                {
                    "url": "https://tidelift.com/funding/github/packagist/pug-php/pug",
                    "type": "tidelift"
                }
            ],
            "time": "2021-11-11T22:25:30+00:00"
        },
        {
            "name": "phug/util",
            "version": "1.9.0",
            "source": {
                "type": "git",
                "url": "https://github.com/phug-php/util.git",
                "reference": "8e49ad03ec0e1b1c93d25876622a150a0b8b21f1"
            },
            "dist": {
                "type": "zip",
                "url": "https://api.github.com/repos/phug-php/util/zipball/8e49ad03ec0e1b1c93d25876622a150a0b8b21f1",
                "reference": "8e49ad03ec0e1b1c93d25876622a150a0b8b21f1",
                "shasum": ""
            },
            "require": {
                "php": ">=5.5.0",
                "phug/event": "^0.1.0 || ^1.0"
            },
            "type": "library",
            "extra": {
                "branch-alias": {
                    "dev-master": "1.x-dev"
                }
            },
            "autoload": {
                "psr-4": {
                    "Phug\\Util\\": "Util/"
                }
            },
            "notification-url": "https://packagist.org/downloads/",
            "license": [
                "MIT"
            ],
            "authors": [
                {
                    "name": "kylekatarnls",
                    "homepage": "http://github.com/kylekatarnls"
                },
                {
                    "name": "Torben Koehn",
                    "email": "torben@talesoft.codes"
                }
            ],
            "description": "Phug base utils, Pug (ex-Jade) for PHP, HTML template engine structured by indentation",
            "homepage": "http://phug-lang.com",
            "keywords": [
                "dialect",
                "html",
                "jade",
                "php",
                "phtml",
                "phug",
                "presentation",
                "pug",
                "render",
                "template",
                "util",
                "views"
            ],
            "support": {
                "docs": "http://phug-lang.com/docs",
                "email": "support@phug-lang.com",
                "issues": "https://github.com/phug-php/util/issues",
                "source": "https://github.com/phug-php/util"
            },
            "funding": [
                {
                    "url": "https://github.com/kylekatarnls",
                    "type": "github"
                },
                {
                    "url": "https://opencollective.com/pug-php",
                    "type": "open_collective"
                },
                {
                    "url": "https://tidelift.com/funding/github/packagist/pug-php/pug",
                    "type": "tidelift"
                }
            ],
            "time": "2021-11-11T22:25:59+00:00"
        },
        {
            "name": "psr/http-message",
            "version": "1.0.1",
            "source": {
                "type": "git",
                "url": "https://github.com/php-fig/http-message.git",
                "reference": "f6561bf28d520154e4b0ec72be95418abe6d9363"
            },
            "dist": {
                "type": "zip",
                "url": "https://api.github.com/repos/php-fig/http-message/zipball/f6561bf28d520154e4b0ec72be95418abe6d9363",
                "reference": "f6561bf28d520154e4b0ec72be95418abe6d9363",
                "shasum": ""
            },
            "require": {
                "php": ">=5.3.0"
            },
            "type": "library",
            "extra": {
                "branch-alias": {
                    "dev-master": "1.0.x-dev"
                }
            },
            "autoload": {
                "psr-4": {
                    "Psr\\Http\\Message\\": "src/"
                }
            },
            "notification-url": "https://packagist.org/downloads/",
            "license": [
                "MIT"
            ],
            "authors": [
                {
                    "name": "PHP-FIG",
                    "homepage": "http://www.php-fig.org/"
                }
            ],
            "description": "Common interface for HTTP messages",
            "homepage": "https://github.com/php-fig/http-message",
            "keywords": [
                "http",
                "http-message",
                "psr",
                "psr-7",
                "request",
                "response"
            ],
            "support": {
                "source": "https://github.com/php-fig/http-message/tree/master"
            },
            "time": "2016-08-06T14:39:51+00:00"
        },
        {
            "name": "pug/twig",
            "version": "1.2.0",
            "source": {
                "type": "git",
                "url": "https://github.com/pug-php/twig.git",
                "reference": "58dbc3fa1b37c4ba6249ba4e056f79f73c769c28"
            },
            "dist": {
                "type": "zip",
                "url": "https://api.github.com/repos/pug-php/twig/zipball/58dbc3fa1b37c4ba6249ba4e056f79f73c769c28",
                "reference": "58dbc3fa1b37c4ba6249ba4e056f79f73c769c28",
                "shasum": ""
            },
            "require": {
                "php": ">=5.5",
                "phug/compiler": "^0.5.2 || ^1.0.0",
                "phug/formatter": "^0.5.13 || ^1.0.0",
                "phug/lexer": "^0.5.4 || ^1.0.0",
                "phug/parser": "^0.5.2 || ^1.0.0",
                "phug/util": "^0.4.17 || ^1.0.0"
            },
            "require-dev": {
                "phpunit/phpunit": "^4.8.36 || ^5.7.27 || ^8.5.15"
            },
            "type": "library",
            "autoload": {
                "psr-4": {
                    "": "./src"
                }
            },
            "notification-url": "https://packagist.org/downloads/",
            "license": [
                "MIT"
            ],
            "description": "Compile Pug templates into Twig templates",
            "keywords": [
                "html",
                "jade",
                "php",
                "phug",
                "pug",
                "symfony",
                "twig"
            ],
            "support": {
                "issues": "https://github.com/pug-php/twig/issues",
                "source": "https://github.com/pug-php/twig/tree/1.2.0"
            },
            "funding": [
                {
                    "url": "https://github.com/kylekatarnls",
                    "type": "github"
                },
                {
                    "url": "https://opencollective.com/pug-php",
                    "type": "open_collective"
                },
                {
                    "url": "https://tidelift.com/funding/github/packagist/pug-php/pug",
                    "type": "tidelift"
                }
            ],
            "time": "2021-05-02T17:13:06+00:00"
        },
        {
            "name": "symfony/deprecation-contracts",
            "version": "v3.0.0",
            "source": {
                "type": "git",
                "url": "https://github.com/symfony/deprecation-contracts.git",
                "reference": "c726b64c1ccfe2896cb7df2e1331c357ad1c8ced"
            },
            "dist": {
                "type": "zip",
                "url": "https://api.github.com/repos/symfony/deprecation-contracts/zipball/c726b64c1ccfe2896cb7df2e1331c357ad1c8ced",
                "reference": "c726b64c1ccfe2896cb7df2e1331c357ad1c8ced",
                "shasum": ""
            },
            "require": {
                "php": ">=8.0.2"
            },
            "type": "library",
            "extra": {
                "branch-alias": {
                    "dev-main": "3.0-dev"
                },
                "thanks": {
                    "name": "symfony/contracts",
                    "url": "https://github.com/symfony/contracts"
                }
            },
            "autoload": {
                "files": [
                    "function.php"
                ]
            },
            "notification-url": "https://packagist.org/downloads/",
            "license": [
                "MIT"
            ],
            "authors": [
                {
                    "name": "Nicolas Grekas",
                    "email": "p@tchwork.com"
                },
                {
                    "name": "Symfony Community",
                    "homepage": "https://symfony.com/contributors"
                }
            ],
            "description": "A generic function and convention to trigger deprecation notices",
            "homepage": "https://symfony.com",
            "support": {
                "source": "https://github.com/symfony/deprecation-contracts/tree/v3.0.0"
            },
            "funding": [
                {
                    "url": "https://symfony.com/sponsor",
                    "type": "custom"
                },
                {
                    "url": "https://github.com/fabpot",
                    "type": "github"
                },
                {
                    "url": "https://tidelift.com/funding/github/packagist/symfony/symfony",
                    "type": "tidelift"
                }
            ],
            "time": "2021-11-01T23:48:49+00:00"
        },
        {
            "name": "symfony/polyfill-ctype",
            "version": "v1.23.0",
            "source": {
                "type": "git",
                "url": "https://github.com/symfony/polyfill-ctype.git",
                "reference": "46cd95797e9df938fdd2b03693b5fca5e64b01ce"
            },
            "dist": {
                "type": "zip",
                "url": "https://api.github.com/repos/symfony/polyfill-ctype/zipball/46cd95797e9df938fdd2b03693b5fca5e64b01ce",
                "reference": "46cd95797e9df938fdd2b03693b5fca5e64b01ce",
                "shasum": ""
            },
            "require": {
                "php": ">=7.1"
            },
            "suggest": {
                "ext-ctype": "For best performance"
            },
            "type": "library",
            "extra": {
                "branch-alias": {
                    "dev-main": "1.23-dev"
                },
                "thanks": {
                    "name": "symfony/polyfill",
                    "url": "https://github.com/symfony/polyfill"
                }
            },
            "autoload": {
                "psr-4": {
                    "Symfony\\Polyfill\\Ctype\\": ""
                },
                "files": [
                    "bootstrap.php"
                ]
            },
            "notification-url": "https://packagist.org/downloads/",
            "license": [
                "MIT"
            ],
            "authors": [
                {
                    "name": "Gert de Pagter",
                    "email": "BackEndTea@gmail.com"
                },
                {
                    "name": "Symfony Community",
                    "homepage": "https://symfony.com/contributors"
                }
            ],
            "description": "Symfony polyfill for ctype functions",
            "homepage": "https://symfony.com",
            "keywords": [
                "compatibility",
                "ctype",
                "polyfill",
                "portable"
            ],
            "support": {
                "source": "https://github.com/symfony/polyfill-ctype/tree/v1.23.0"
            },
            "funding": [
                {
                    "url": "https://symfony.com/sponsor",
                    "type": "custom"
                },
                {
                    "url": "https://github.com/fabpot",
                    "type": "github"
                },
                {
                    "url": "https://tidelift.com/funding/github/packagist/symfony/symfony",
                    "type": "tidelift"
                }
            ],
            "time": "2021-02-19T12:13:01+00:00"
        },
        {
            "name": "symfony/polyfill-mbstring",
            "version": "v1.23.1",
            "source": {
                "type": "git",
                "url": "https://github.com/symfony/polyfill-mbstring.git",
                "reference": "9174a3d80210dca8daa7f31fec659150bbeabfc6"
            },
            "dist": {
                "type": "zip",
                "url": "https://api.github.com/repos/symfony/polyfill-mbstring/zipball/9174a3d80210dca8daa7f31fec659150bbeabfc6",
                "reference": "9174a3d80210dca8daa7f31fec659150bbeabfc6",
                "shasum": ""
            },
            "require": {
                "php": ">=7.1"
            },
            "suggest": {
                "ext-mbstring": "For best performance"
            },
            "type": "library",
            "extra": {
                "branch-alias": {
                    "dev-main": "1.23-dev"
                },
                "thanks": {
                    "name": "symfony/polyfill",
                    "url": "https://github.com/symfony/polyfill"
                }
            },
            "autoload": {
                "psr-4": {
                    "Symfony\\Polyfill\\Mbstring\\": ""
                },
                "files": [
                    "bootstrap.php"
                ]
            },
            "notification-url": "https://packagist.org/downloads/",
            "license": [
                "MIT"
            ],
            "authors": [
                {
                    "name": "Nicolas Grekas",
                    "email": "p@tchwork.com"
                },
                {
                    "name": "Symfony Community",
                    "homepage": "https://symfony.com/contributors"
                }
            ],
            "description": "Symfony polyfill for the Mbstring extension",
            "homepage": "https://symfony.com",
            "keywords": [
                "compatibility",
                "mbstring",
                "polyfill",
                "portable",
                "shim"
            ],
            "support": {
                "source": "https://github.com/symfony/polyfill-mbstring/tree/v1.23.1"
            },
            "funding": [
                {
                    "url": "https://symfony.com/sponsor",
                    "type": "custom"
                },
                {
                    "url": "https://github.com/fabpot",
                    "type": "github"
                },
                {
                    "url": "https://tidelift.com/funding/github/packagist/symfony/symfony",
                    "type": "tidelift"
                }
            ],
            "time": "2021-05-27T12:26:48+00:00"
        },
        {
            "name": "symfony/yaml",
            "version": "v5.4.0",
            "source": {
                "type": "git",
                "url": "https://github.com/symfony/yaml.git",
                "reference": "034ccc0994f1ae3f7499fa5b1f2e75d5e7a94efc"
            },
            "dist": {
                "type": "zip",
                "url": "https://api.github.com/repos/symfony/yaml/zipball/034ccc0994f1ae3f7499fa5b1f2e75d5e7a94efc",
                "reference": "034ccc0994f1ae3f7499fa5b1f2e75d5e7a94efc",
                "shasum": ""
            },
            "require": {
                "php": ">=7.2.5",
                "symfony/deprecation-contracts": "^2.1|^3",
                "symfony/polyfill-ctype": "^1.8"
            },
            "conflict": {
                "symfony/console": "<5.3"
            },
            "require-dev": {
                "symfony/console": "^5.3|^6.0"
            },
            "suggest": {
                "symfony/console": "For validating YAML files using the lint command"
            },
            "bin": [
                "Resources/bin/yaml-lint"
            ],
            "type": "library",
            "autoload": {
                "psr-4": {
                    "Symfony\\Component\\Yaml\\": ""
                },
                "exclude-from-classmap": [
                    "/Tests/"
                ]
            },
            "notification-url": "https://packagist.org/downloads/",
            "license": [
                "MIT"
            ],
            "authors": [
                {
                    "name": "Fabien Potencier",
                    "email": "fabien@symfony.com"
                },
                {
                    "name": "Symfony Community",
                    "homepage": "https://symfony.com/contributors"
                }
            ],
            "description": "Loads and dumps YAML files",
            "homepage": "https://symfony.com",
            "support": {
                "source": "https://github.com/symfony/yaml/tree/v5.4.0"
            },
            "funding": [
                {
                    "url": "https://symfony.com/sponsor",
                    "type": "custom"
                },
                {
                    "url": "https://github.com/fabpot",
                    "type": "github"
                },
                {
                    "url": "https://tidelift.com/funding/github/packagist/symfony/symfony",
                    "type": "tidelift"
                }
            ],
            "time": "2021-11-28T15:25:38+00:00"
        },
        {
            "name": "twig/twig",
            "version": "v3.3.4",
            "source": {
                "type": "git",
                "url": "https://github.com/twigphp/Twig.git",
                "reference": "65cb6f0b956485e1664f13d023c55298a4bb59ca"
            },
            "dist": {
                "type": "zip",
                "url": "https://api.github.com/repos/twigphp/Twig/zipball/65cb6f0b956485e1664f13d023c55298a4bb59ca",
                "reference": "65cb6f0b956485e1664f13d023c55298a4bb59ca",
                "shasum": ""
            },
            "require": {
                "php": ">=7.2.5",
                "symfony/polyfill-ctype": "^1.8",
                "symfony/polyfill-mbstring": "^1.3"
            },
            "require-dev": {
                "psr/container": "^1.0",
                "symfony/phpunit-bridge": "^4.4.9|^5.0.9|^6.0"
            },
            "type": "library",
            "extra": {
                "branch-alias": {
                    "dev-master": "3.3-dev"
                }
            },
            "autoload": {
                "psr-4": {
                    "Twig\\": "src/"
                }
            },
            "notification-url": "https://packagist.org/downloads/",
            "license": [
                "BSD-3-Clause"
            ],
            "authors": [
                {
                    "name": "Fabien Potencier",
                    "email": "fabien@symfony.com",
                    "homepage": "http://fabien.potencier.org",
                    "role": "Lead Developer"
                },
                {
                    "name": "Twig Team",
                    "role": "Contributors"
                },
                {
                    "name": "Armin Ronacher",
                    "email": "armin.ronacher@active-4.com",
                    "role": "Project Founder"
                }
            ],
            "description": "Twig, the flexible, fast, and secure template language for PHP",
            "homepage": "https://twig.symfony.com",
            "keywords": [
                "templating"
            ],
            "support": {
                "issues": "https://github.com/twigphp/Twig/issues",
                "source": "https://github.com/twigphp/Twig/tree/v3.3.4"
            },
            "funding": [
                {
                    "url": "https://github.com/fabpot",
                    "type": "github"
                },
                {
                    "url": "https://tidelift.com/funding/github/packagist/twig/twig",
                    "type": "tidelift"
                }
            ],
            "time": "2021-11-25T13:46:55+00:00"
        },
        {
            "name": "webuni/front-matter",
            "version": "1.3.0",
            "source": {
                "type": "git",
                "url": "https://github.com/webuni/front-matter.git",
                "reference": "334e3532546d62d28164580208edef1c5c853024"
            },
            "dist": {
                "type": "zip",
                "url": "https://api.github.com/repos/webuni/front-matter/zipball/334e3532546d62d28164580208edef1c5c853024",
                "reference": "334e3532546d62d28164580208edef1c5c853024",
                "shasum": ""
            },
            "require": {
                "php": "^7.2 || ^8.0",
                "symfony/yaml": "^3.4.31 || ^4.3.4 || ^5.0"
            },
            "require-dev": {
                "ext-json": "*",
                "league/commonmark": "^1.4",
                "mthaml/mthaml": "^1.3",
                "nette/neon": "^2.2 || ^3.0",
                "twig/twig": "^3.0",
                "yosymfony/toml": "^1.0"
            },
            "suggest": {
                "nette/neon": "If you want to use NEON as front matter",
                "yosymfony/toml": "If you want to use TOML as front matter"
            },
            "type": "library",
            "extra": {
                "branch-alias": {
                    "dev-master": "1.3-dev"
                }
            },
            "autoload": {
                "psr-4": {
                    "Webuni\\FrontMatter\\": "src"
                }
            },
            "notification-url": "https://packagist.org/downloads/",
            "license": [
                "MIT"
            ],
            "authors": [
                {
                    "name": "Martin Hasoň",
                    "email": "martin.hason@gmail.com",
                    "homepage": "https://www.martinhason.cz"
                },
                {
                    "name": "Webuni s.r.o.",
                    "homepage": "https://www.webuni.cz"
                }
            ],
            "description": "Front matter parser and dumper for PHP",
            "homepage": "https://github.com/webuni/front-matter",
            "keywords": [
                "commonmark",
                "front-matter",
                "json",
                "neon",
                "toml",
                "yaml"
            ],
            "support": {
                "issues": "https://github.com/webuni/front-matter/issues",
                "source": "https://github.com/webuni/front-matter/tree/1.3.0"
            },
            "time": "2021-06-14T20:44:30+00:00"
        }
    ],
    "packages-dev": [],
    "aliases": [],
    "minimum-stability": "stable",
    "stability-flags": [],
    "prefer-stable": false,
    "prefer-lowest": false,
    "platform": [],
    "platform-dev": [],
    "plugin-api-version": "2.1.0"
}
